version = 1
requires-python = ">=3.13"

[[package]]
name = "aiodns"
version = "3.2.0"
source = { registry = "https://pypi.org/simple" }
dependencies = [
    { name = "pycares" },
]
sdist = { url = "https://files.pythonhosted.org/packages/e7/84/41a6a2765abc124563f5380e76b9b24118977729e25a84112f8dfb2b33dc/aiodns-3.2.0.tar.gz", hash = "sha256:62869b23409349c21b072883ec8998316b234c9a9e36675756e8e317e8768f72", size = 7823 }
wheels = [
    { url = "https://files.pythonhosted.org/packages/15/14/13c65b1bd59f7e707e0cc0964fbab45c003f90292ed267d159eeeeaa2224/aiodns-3.2.0-py3-none-any.whl", hash = "sha256:e443c0c27b07da3174a109fd9e736d69058d808f144d3c9d56dbd1776964c5f5", size = 5735 },
]

[[package]]
name = "aiohappyeyeballs"
version = "2.6.1"
source = { registry = "https://pypi.org/simple" }
sdist = { url = "https://files.pythonhosted.org/packages/26/30/f84a107a9c4331c14b2b586036f40965c128aa4fee4dda5d3d51cb14ad54/aiohappyeyeballs-2.6.1.tar.gz", hash = "sha256:c3f9d0113123803ccadfdf3f0faa505bc78e6a72d1cc4806cbd719826e943558", size = 22760 }
wheels = [
    { url = "https://files.pythonhosted.org/packages/0f/15/5bf3b99495fb160b63f95972b81750f18f7f4e02ad051373b669d17d44f2/aiohappyeyeballs-2.6.1-py3-none-any.whl", hash = "sha256:f349ba8f4b75cb25c99c5c2d84e997e485204d2902a9597802b0371f09331fb8", size = 15265 },
]

[[package]]
name = "aiohttp"
version = "3.11.14"
source = { registry = "https://pypi.org/simple" }
dependencies = [
    { name = "aiohappyeyeballs" },
    { name = "aiosignal" },
    { name = "attrs" },
    { name = "frozenlist" },
    { name = "multidict" },
    { name = "propcache" },
    { name = "yarl" },
]
sdist = { url = "https://files.pythonhosted.org/packages/6c/96/91e93ae5fd04d428c101cdbabce6c820d284d61d2614d00518f4fa52ea24/aiohttp-3.11.14.tar.gz", hash = "sha256:d6edc538c7480fa0a3b2bdd705f8010062d74700198da55d16498e1b49549b9c", size = 7676994 }
wheels = [
    { url = "https://files.pythonhosted.org/packages/c5/8e/d7f353c5aaf9f868ab382c3d3320dc6efaa639b6b30d5a686bed83196115/aiohttp-3.11.14-cp313-cp313-macosx_10_13_universal2.whl", hash = "sha256:8d14e274828561db91e4178f0057a915f3af1757b94c2ca283cb34cbb6e00b50", size = 698774 },
    { url = "https://files.pythonhosted.org/packages/d5/52/097b98d50f8550883f7d360c6cd4e77668c7442038671bb4b349ced95066/aiohttp-3.11.14-cp313-cp313-macosx_10_13_x86_64.whl", hash = "sha256:f30fc72daf85486cdcdfc3f5e0aea9255493ef499e31582b34abadbfaafb0965", size = 461443 },
    { url = "https://files.pythonhosted.org/packages/2b/5c/19c84bb5796be6ca4fd1432012cfd5f88ec02c8b9e0357cdecc48ff2c4fd/aiohttp-3.11.14-cp313-cp313-macosx_11_0_arm64.whl", hash = "sha256:4edcbe34e6dba0136e4cabf7568f5a434d89cc9de5d5155371acda275353d228", size = 453717 },
    { url = "https://files.pythonhosted.org/packages/6d/08/61c2b6f04a4e1329c82ffda53dd0ac4b434681dc003578a1237d318be885/aiohttp-3.11.14-cp313-cp313-manylinux_2_17_aarch64.manylinux2014_aarch64.whl", hash = "sha256:1a7169ded15505f55a87f8f0812c94c9412623c744227b9e51083a72a48b68a5", size = 1666559 },
    { url = "https://files.pythonhosted.org/packages/7c/22/913ad5b4b979ecf69300869551c210b2eb8c22ca4cd472824a1425479775/aiohttp-3.11.14-cp313-cp313-manylinux_2_17_ppc64le.manylinux2014_ppc64le.whl", hash = "sha256:ad1f2fb9fe9b585ea4b436d6e998e71b50d2b087b694ab277b30e060c434e5db", size = 1721701 },
    { url = "https://files.pythonhosted.org/packages/5b/ea/0ee73ea764b2e1f769c1caf59f299ac017b50632ceaa809960385b68e735/aiohttp-3.11.14-cp313-cp313-manylinux_2_17_s390x.manylinux2014_s390x.whl", hash = "sha256:20412c7cc3720e47a47e63c0005f78c0c2370020f9f4770d7fc0075f397a9fb0", size = 1779094 },
    { url = "https://files.pythonhosted.org/packages/e6/ca/6ce3da7c3295e0655b3404a309c7002099ca3619aeb04d305cedc77a0a14/aiohttp-3.11.14-cp313-cp313-manylinux_2_17_x86_64.manylinux2014_x86_64.whl", hash = "sha256:6dd9766da617855f7e85f27d2bf9a565ace04ba7c387323cd3e651ac4329db91", size = 1678406 },
    { url = "https://files.pythonhosted.org/packages/b1/b1/3a13ed54dc6bb57057cc94fec2a742f24a89885cfa84b71930826af40f5f/aiohttp-3.11.14-cp313-cp313-manylinux_2_5_i686.manylinux1_i686.manylinux_2_17_i686.manylinux2014_i686.whl", hash = "sha256:599b66582f7276ebefbaa38adf37585e636b6a7a73382eb412f7bc0fc55fb73d", size = 1604446 },
    { url = "https://files.pythonhosted.org/packages/00/21/fc9f327a121ff0be32ed4ec3ccca65f420549bf3a646b02f8534ba5fe86d/aiohttp-3.11.14-cp313-cp313-musllinux_1_2_aarch64.whl", hash = "sha256:b41693b7388324b80f9acfabd479bd1c84f0bc7e8f17bab4ecd9675e9ff9c734", size = 1619129 },
    { url = "https://files.pythonhosted.org/packages/56/5b/1a4a45b1f6f95b998c49d3d1e7763a75eeff29f2f5ec7e06d94a359e7d97/aiohttp-3.11.14-cp313-cp313-musllinux_1_2_armv7l.whl", hash = "sha256:86135c32d06927339c8c5e64f96e4eee8825d928374b9b71a3c42379d7437058", size = 1657924 },
    { url = "https://files.pythonhosted.org/packages/2f/2d/b6211aa0664b87c93fda2f2f60d5211be514a2d5b4935e1286d54b8aa28d/aiohttp-3.11.14-cp313-cp313-musllinux_1_2_i686.whl", hash = "sha256:04eb541ce1e03edc1e3be1917a0f45ac703e913c21a940111df73a2c2db11d73", size = 1617501 },
    { url = "https://files.pythonhosted.org/packages/fa/3d/d46ccb1f361a1275a078bfc1509bcd6dc6873e22306d10baa61bc77a0dfc/aiohttp-3.11.14-cp313-cp313-musllinux_1_2_ppc64le.whl", hash = "sha256:dc311634f6f28661a76cbc1c28ecf3b3a70a8edd67b69288ab7ca91058eb5a33", size = 1684211 },
    { url = "https://files.pythonhosted.org/packages/2d/e2/71d12ee6268ad3bf4ee82a4f2fc7f0b943f480296cb6f61af1afe05b8d24/aiohttp-3.11.14-cp313-cp313-musllinux_1_2_s390x.whl", hash = "sha256:69bb252bfdca385ccabfd55f4cd740d421dd8c8ad438ded9637d81c228d0da49", size = 1715797 },
    { url = "https://files.pythonhosted.org/packages/8d/a7/d0de521dc5ca6e8c766f8d1f373c859925f10b2a96455b16107c1e9b2d60/aiohttp-3.11.14-cp313-cp313-musllinux_1_2_x86_64.whl", hash = "sha256:2b86efe23684b58a88e530c4ab5b20145f102916bbb2d82942cafec7bd36a647", size = 1673682 },
    { url = "https://files.pythonhosted.org/packages/f0/86/5c075ebeca7063a49a0da65a4e0aa9e49d741aca9a2fe9552d86906e159b/aiohttp-3.11.14-cp313-cp313-win32.whl", hash = "sha256:b9c60d1de973ca94af02053d9b5111c4fbf97158e139b14f1be68337be267be6", size = 411014 },
    { url = "https://files.pythonhosted.org/packages/4a/e0/2f9e77ef2d4a1dbf05f40b7edf1e1ce9be72bdbe6037cf1db1712b455e3e/aiohttp-3.11.14-cp313-cp313-win_amd64.whl", hash = "sha256:0a29be28e60e5610d2437b5b2fed61d6f3dcde898b57fb048aa5079271e7f6f3", size = 436964 },
]

[[package]]
name = "aiosignal"
version = "1.3.2"
source = { registry = "https://pypi.org/simple" }
dependencies = [
    { name = "frozenlist" },
]
sdist = { url = "https://files.pythonhosted.org/packages/ba/b5/6d55e80f6d8a08ce22b982eafa278d823b541c925f11ee774b0b9c43473d/aiosignal-1.3.2.tar.gz", hash = "sha256:a8c255c66fafb1e499c9351d0bf32ff2d8a0321595ebac3b93713656d2436f54", size = 19424 }
wheels = [
    { url = "https://files.pythonhosted.org/packages/ec/6a/bc7e17a3e87a2985d3e8f4da4cd0f481060eb78fb08596c42be62c90a4d9/aiosignal-1.3.2-py2.py3-none-any.whl", hash = "sha256:45cde58e409a301715980c2b01d0c28bdde3770d8290b5eb2173759d9acb31a5", size = 7597 },
]

[[package]]
name = "attrs"
version = "25.3.0"
source = { registry = "https://pypi.org/simple" }
sdist = { url = "https://files.pythonhosted.org/packages/5a/b0/1367933a8532ee6ff8d63537de4f1177af4bff9f3e829baf7331f595bb24/attrs-25.3.0.tar.gz", hash = "sha256:75d7cefc7fb576747b2c81b4442d4d4a1ce0900973527c011d1030fd3bf4af1b", size = 812032 }
wheels = [
    { url = "https://files.pythonhosted.org/packages/77/06/bb80f5f86020c4551da315d78b3ab75e8228f89f0162f2c3a819e407941a/attrs-25.3.0-py3-none-any.whl", hash = "sha256:427318ce031701fea540783410126f03899a97ffc6f61596ad581ac2e40e3bc3", size = 63815 },
]

[[package]]
name = "cffi"
version = "1.17.1"
source = { registry = "https://pypi.org/simple" }
dependencies = [
    { name = "pycparser" },
]
sdist = { url = "https://files.pythonhosted.org/packages/fc/97/c783634659c2920c3fc70419e3af40972dbaf758daa229a7d6ea6135c90d/cffi-1.17.1.tar.gz", hash = "sha256:1c39c6016c32bc48dd54561950ebd6836e1670f2ae46128f67cf49e789c52824", size = 516621 }
wheels = [
    { url = "https://files.pythonhosted.org/packages/8d/f8/dd6c246b148639254dad4d6803eb6a54e8c85c6e11ec9df2cffa87571dbe/cffi-1.17.1-cp313-cp313-macosx_10_13_x86_64.whl", hash = "sha256:f3a2b4222ce6b60e2e8b337bb9596923045681d71e5a082783484d845390938e", size = 182989 },
    { url = "https://files.pythonhosted.org/packages/8b/f1/672d303ddf17c24fc83afd712316fda78dc6fce1cd53011b839483e1ecc8/cffi-1.17.1-cp313-cp313-macosx_11_0_arm64.whl", hash = "sha256:0984a4925a435b1da406122d4d7968dd861c1385afe3b45ba82b750f229811e2", size = 178802 },
    { url = "https://files.pythonhosted.org/packages/0e/2d/eab2e858a91fdff70533cab61dcff4a1f55ec60425832ddfdc9cd36bc8af/cffi-1.17.1-cp313-cp313-manylinux_2_12_i686.manylinux2010_i686.manylinux_2_17_i686.manylinux2014_i686.whl", hash = "sha256:d01b12eeeb4427d3110de311e1774046ad344f5b1a7403101878976ecd7a10f3", size = 454792 },
    { url = "https://files.pythonhosted.org/packages/75/b2/fbaec7c4455c604e29388d55599b99ebcc250a60050610fadde58932b7ee/cffi-1.17.1-cp313-cp313-manylinux_2_17_aarch64.manylinux2014_aarch64.whl", hash = "sha256:706510fe141c86a69c8ddc029c7910003a17353970cff3b904ff0686a5927683", size = 478893 },
    { url = "https://files.pythonhosted.org/packages/4f/b7/6e4a2162178bf1935c336d4da8a9352cccab4d3a5d7914065490f08c0690/cffi-1.17.1-cp313-cp313-manylinux_2_17_ppc64le.manylinux2014_ppc64le.whl", hash = "sha256:de55b766c7aa2e2a3092c51e0483d700341182f08e67c63630d5b6f200bb28e5", size = 485810 },
    { url = "https://files.pythonhosted.org/packages/c7/8a/1d0e4a9c26e54746dc08c2c6c037889124d4f59dffd853a659fa545f1b40/cffi-1.17.1-cp313-cp313-manylinux_2_17_s390x.manylinux2014_s390x.whl", hash = "sha256:c59d6e989d07460165cc5ad3c61f9fd8f1b4796eacbd81cee78957842b834af4", size = 471200 },
    { url = "https://files.pythonhosted.org/packages/26/9f/1aab65a6c0db35f43c4d1b4f580e8df53914310afc10ae0397d29d697af4/cffi-1.17.1-cp313-cp313-manylinux_2_17_x86_64.manylinux2014_x86_64.whl", hash = "sha256:dd398dbc6773384a17fe0d3e7eeb8d1a21c2200473ee6806bb5e6a8e62bb73dd", size = 479447 },
    { url = "https://files.pythonhosted.org/packages/5f/e4/fb8b3dd8dc0e98edf1135ff067ae070bb32ef9d509d6cb0f538cd6f7483f/cffi-1.17.1-cp313-cp313-musllinux_1_1_aarch64.whl", hash = "sha256:3edc8d958eb099c634dace3c7e16560ae474aa3803a5df240542b305d14e14ed", size = 484358 },
    { url = "https://files.pythonhosted.org/packages/f1/47/d7145bf2dc04684935d57d67dff9d6d795b2ba2796806bb109864be3a151/cffi-1.17.1-cp313-cp313-musllinux_1_1_x86_64.whl", hash = "sha256:72e72408cad3d5419375fc87d289076ee319835bdfa2caad331e377589aebba9", size = 488469 },
    { url = "https://files.pythonhosted.org/packages/bf/ee/f94057fa6426481d663b88637a9a10e859e492c73d0384514a17d78ee205/cffi-1.17.1-cp313-cp313-win32.whl", hash = "sha256:e03eab0a8677fa80d646b5ddece1cbeaf556c313dcfac435ba11f107ba117b5d", size = 172475 },
    { url = "https://files.pythonhosted.org/packages/7c/fc/6a8cb64e5f0324877d503c854da15d76c1e50eb722e320b15345c4d0c6de/cffi-1.17.1-cp313-cp313-win_amd64.whl", hash = "sha256:f6a16c31041f09ead72d69f583767292f750d24913dadacf5756b966aacb3f1a", size = 182009 },
]

[[package]]
name = "frozenlist"
version = "1.5.0"
source = { registry = "https://pypi.org/simple" }
sdist = { url = "https://files.pythonhosted.org/packages/8f/ed/0f4cec13a93c02c47ec32d81d11c0c1efbadf4a471e3f3ce7cad366cbbd3/frozenlist-1.5.0.tar.gz", hash = "sha256:81d5af29e61b9c8348e876d442253723928dce6433e0e76cd925cd83f1b4b817", size = 39930 }
wheels = [
    { url = "https://files.pythonhosted.org/packages/da/3b/915f0bca8a7ea04483622e84a9bd90033bab54bdf485479556c74fd5eaf5/frozenlist-1.5.0-cp313-cp313-macosx_10_13_universal2.whl", hash = "sha256:7a1a048f9215c90973402e26c01d1cff8a209e1f1b53f72b95c13db61b00f953", size = 91538 },
    { url = "https://files.pythonhosted.org/packages/c7/d1/a7c98aad7e44afe5306a2b068434a5830f1470675f0e715abb86eb15f15b/frozenlist-1.5.0-cp313-cp313-macosx_10_13_x86_64.whl", hash = "sha256:dd47a5181ce5fcb463b5d9e17ecfdb02b678cca31280639255ce9d0e5aa67af0", size = 52849 },
    { url = "https://files.pythonhosted.org/packages/3a/c8/76f23bf9ab15d5f760eb48701909645f686f9c64fbb8982674c241fbef14/frozenlist-1.5.0-cp313-cp313-macosx_11_0_arm64.whl", hash = "sha256:1431d60b36d15cda188ea222033eec8e0eab488f39a272461f2e6d9e1a8e63c2", size = 50583 },
    { url = "https://files.pythonhosted.org/packages/1f/22/462a3dd093d11df623179d7754a3b3269de3b42de2808cddef50ee0f4f48/frozenlist-1.5.0-cp313-cp313-manylinux_2_17_aarch64.manylinux2014_aarch64.whl", hash = "sha256:6482a5851f5d72767fbd0e507e80737f9c8646ae7fd303def99bfe813f76cf7f", size = 265636 },
    { url = "https://files.pythonhosted.org/packages/80/cf/e075e407fc2ae7328155a1cd7e22f932773c8073c1fc78016607d19cc3e5/frozenlist-1.5.0-cp313-cp313-manylinux_2_17_ppc64le.manylinux2014_ppc64le.whl", hash = "sha256:44c49271a937625619e862baacbd037a7ef86dd1ee215afc298a417ff3270608", size = 270214 },
    { url = "https://files.pythonhosted.org/packages/a1/58/0642d061d5de779f39c50cbb00df49682832923f3d2ebfb0fedf02d05f7f/frozenlist-1.5.0-cp313-cp313-manylinux_2_17_s390x.manylinux2014_s390x.whl", hash = "sha256:12f78f98c2f1c2429d42e6a485f433722b0061d5c0b0139efa64f396efb5886b", size = 273905 },
    { url = "https://files.pythonhosted.org/packages/ab/66/3fe0f5f8f2add5b4ab7aa4e199f767fd3b55da26e3ca4ce2cc36698e50c4/frozenlist-1.5.0-cp313-cp313-manylinux_2_5_i686.manylinux1_i686.manylinux_2_17_i686.manylinux2014_i686.whl", hash = "sha256:ce3aa154c452d2467487765e3adc730a8c153af77ad84096bc19ce19a2400840", size = 250542 },
    { url = "https://files.pythonhosted.org/packages/f6/b8/260791bde9198c87a465224e0e2bb62c4e716f5d198fc3a1dacc4895dbd1/frozenlist-1.5.0-cp313-cp313-manylinux_2_5_x86_64.manylinux1_x86_64.manylinux_2_17_x86_64.manylinux2014_x86_64.whl", hash = "sha256:9b7dc0c4338e6b8b091e8faf0db3168a37101943e687f373dce00959583f7439", size = 267026 },
    { url = "https://files.pythonhosted.org/packages/2e/a4/3d24f88c527f08f8d44ade24eaee83b2627793fa62fa07cbb7ff7a2f7d42/frozenlist-1.5.0-cp313-cp313-musllinux_1_2_aarch64.whl", hash = "sha256:45e0896250900b5aa25180f9aec243e84e92ac84bd4a74d9ad4138ef3f5c97de", size = 257690 },
    { url = "https://files.pythonhosted.org/packages/de/9a/d311d660420b2beeff3459b6626f2ab4fb236d07afbdac034a4371fe696e/frozenlist-1.5.0-cp313-cp313-musllinux_1_2_i686.whl", hash = "sha256:561eb1c9579d495fddb6da8959fd2a1fca2c6d060d4113f5844b433fc02f2641", size = 253893 },
    { url = "https://files.pythonhosted.org/packages/c6/23/e491aadc25b56eabd0f18c53bb19f3cdc6de30b2129ee0bc39cd387cd560/frozenlist-1.5.0-cp313-cp313-musllinux_1_2_ppc64le.whl", hash = "sha256:df6e2f325bfee1f49f81aaac97d2aa757c7646534a06f8f577ce184afe2f0a9e", size = 267006 },
    { url = "https://files.pythonhosted.org/packages/08/c4/ab918ce636a35fb974d13d666dcbe03969592aeca6c3ab3835acff01f79c/frozenlist-1.5.0-cp313-cp313-musllinux_1_2_s390x.whl", hash = "sha256:140228863501b44b809fb39ec56b5d4071f4d0aa6d216c19cbb08b8c5a7eadb9", size = 276157 },
    { url = "https://files.pythonhosted.org/packages/c0/29/3b7a0bbbbe5a34833ba26f686aabfe982924adbdcafdc294a7a129c31688/frozenlist-1.5.0-cp313-cp313-musllinux_1_2_x86_64.whl", hash = "sha256:7707a25d6a77f5d27ea7dc7d1fc608aa0a478193823f88511ef5e6b8a48f9d03", size = 264642 },
    { url = "https://files.pythonhosted.org/packages/ab/42/0595b3dbffc2e82d7fe658c12d5a5bafcd7516c6bf2d1d1feb5387caa9c1/frozenlist-1.5.0-cp313-cp313-win32.whl", hash = "sha256:31a9ac2b38ab9b5a8933b693db4939764ad3f299fcaa931a3e605bc3460e693c", size = 44914 },
    { url = "https://files.pythonhosted.org/packages/17/c4/b7db1206a3fea44bf3b838ca61deb6f74424a8a5db1dd53ecb21da669be6/frozenlist-1.5.0-cp313-cp313-win_amd64.whl", hash = "sha256:11aabdd62b8b9c4b84081a3c246506d1cddd2dd93ff0ad53ede5defec7886b28", size = 51167 },
    { url = "https://files.pythonhosted.org/packages/c6/c8/a5be5b7550c10858fcf9b0ea054baccab474da77d37f1e828ce043a3a5d4/frozenlist-1.5.0-py3-none-any.whl", hash = "sha256:d994863bba198a4a518b467bb971c56e1db3f180a25c6cf7bb1949c267f748c3", size = 11901 },
]

[[package]]
name = "idna"
version = "3.10"
source = { registry = "https://pypi.org/simple" }
sdist = { url = "https://files.pythonhosted.org/packages/f1/70/7703c29685631f5a7590aa73f1f1d3fa9a380e654b86af429e0934a32f7d/idna-3.10.tar.gz", hash = "sha256:12f65c9b470abda6dc35cf8e63cc574b1c52b11df2c86030af0ac09b01b13ea9", size = 190490 }
wheels = [
    { url = "https://files.pythonhosted.org/packages/76/c6/c88e154df9c4e1a2a66ccf0005a88dfb2650c1dffb6f5ce603dfbd452ce3/idna-3.10-py3-none-any.whl", hash = "sha256:946d195a0d259cbba61165e88e65941f16e9b36ea6ddb97f00452bae8b1287d3", size = 70442 },
]

[[package]]
name = "multidict"
version = "6.2.0"
source = { registry = "https://pypi.org/simple" }
sdist = { url = "https://files.pythonhosted.org/packages/82/4a/7874ca44a1c9b23796c767dd94159f6c17e31c0e7d090552a1c623247d82/multidict-6.2.0.tar.gz", hash = "sha256:0085b0afb2446e57050140240a8595846ed64d1cbd26cef936bfab3192c673b8", size = 71066 }
wheels = [
    { url = "https://files.pythonhosted.org/packages/a4/6c/5df5590b1f9a821154589df62ceae247537b01ab26b0aa85997c35ca3d9e/multidict-6.2.0-cp313-cp313-macosx_10_13_universal2.whl", hash = "sha256:5c5e7d2e300d5cb3b2693b6d60d3e8c8e7dd4ebe27cd17c9cb57020cac0acb80", size = 49151 },
    { url = "https://files.pythonhosted.org/packages/d5/ca/c917fbf1be989cd7ea9caa6f87e9c33844ba8d5fbb29cd515d4d2833b84c/multidict-6.2.0-cp313-cp313-macosx_10_13_x86_64.whl", hash = "sha256:256d431fe4583c5f1e0f2e9c4d9c22f3a04ae96009b8cfa096da3a8723db0a16", size = 29803 },
    { url = "https://files.pythonhosted.org/packages/22/19/d97086fc96f73acf36d4dbe65c2c4175911969df49c4e94ef082be59d94e/multidict-6.2.0-cp313-cp313-macosx_11_0_arm64.whl", hash = "sha256:a3c0ff89fe40a152e77b191b83282c9664357dce3004032d42e68c514ceff27e", size = 29947 },
    { url = "https://files.pythonhosted.org/packages/e3/3b/203476b6e915c3f51616d5f87230c556e2f24b168c14818a3d8dae242b1b/multidict-6.2.0-cp313-cp313-manylinux_2_17_aarch64.manylinux2014_aarch64.whl", hash = "sha256:ef7d48207926edbf8b16b336f779c557dd8f5a33035a85db9c4b0febb0706817", size = 130369 },
    { url = "https://files.pythonhosted.org/packages/c6/4f/67470007cf03b2bb6df8ae6d716a8eeb0a7d19e0c8dba4e53fa338883bca/multidict-6.2.0-cp313-cp313-manylinux_2_17_ppc64le.manylinux2014_ppc64le.whl", hash = "sha256:1f3c099d3899b14e1ce52262eb82a5f5cb92157bb5106bf627b618c090a0eadc", size = 135231 },
    { url = "https://files.pythonhosted.org/packages/6d/f5/7a5ce64dc9a3fecc7d67d0b5cb9c262c67e0b660639e5742c13af63fd80f/multidict-6.2.0-cp313-cp313-manylinux_2_17_s390x.manylinux2014_s390x.whl", hash = "sha256:e16e7297f29a544f49340012d6fc08cf14de0ab361c9eb7529f6a57a30cbfda1", size = 133634 },
    { url = "https://files.pythonhosted.org/packages/05/93/ab2931907e318c0437a4cd156c9cfff317ffb33d99ebbfe2d64200a870f7/multidict-6.2.0-cp313-cp313-manylinux_2_17_x86_64.manylinux2014_x86_64.whl", hash = "sha256:042028348dc5a1f2be6c666437042a98a5d24cee50380f4c0902215e5ec41844", size = 131349 },
    { url = "https://files.pythonhosted.org/packages/54/aa/ab8eda83a6a85f5b4bb0b1c28e62b18129b14519ef2e0d4cfd5f360da73c/multidict-6.2.0-cp313-cp313-manylinux_2_5_i686.manylinux1_i686.manylinux_2_17_i686.manylinux2014_i686.whl", hash = "sha256:08549895e6a799bd551cf276f6e59820aa084f0f90665c0f03dd3a50db5d3c48", size = 120861 },
    { url = "https://files.pythonhosted.org/packages/15/2f/7d08ea7c5d9f45786893b4848fad59ec8ea567367d4234691a721e4049a1/multidict-6.2.0-cp313-cp313-musllinux_1_2_aarch64.whl", hash = "sha256:4ccfd74957ef53fa7380aaa1c961f523d582cd5e85a620880ffabd407f8202c0", size = 134611 },
    { url = "https://files.pythonhosted.org/packages/8b/07/387047bb1eac563981d397a7f85c75b306df1fff3c20b90da5a6cf6e487e/multidict-6.2.0-cp313-cp313-musllinux_1_2_i686.whl", hash = "sha256:83b78c680d4b15d33042d330c2fa31813ca3974197bddb3836a5c635a5fd013f", size = 128955 },
    { url = "https://files.pythonhosted.org/packages/8d/6e/7ae18f764a5282c2d682f1c90c6b2a0f6490327730170139a7a63bf3bb20/multidict-6.2.0-cp313-cp313-musllinux_1_2_ppc64le.whl", hash = "sha256:b4c153863dd6569f6511845922c53e39c8d61f6e81f228ad5443e690fca403de", size = 139759 },
    { url = "https://files.pythonhosted.org/packages/b6/f4/c1b3b087b9379b9e56229bcf6570b9a963975c205a5811ac717284890598/multidict-6.2.0-cp313-cp313-musllinux_1_2_s390x.whl", hash = "sha256:98aa8325c7f47183b45588af9c434533196e241be0a4e4ae2190b06d17675c02", size = 136426 },
    { url = "https://files.pythonhosted.org/packages/a2/0e/ef7b39b161ffd40f9e25dd62e59644b2ccaa814c64e9573f9bc721578419/multidict-6.2.0-cp313-cp313-musllinux_1_2_x86_64.whl", hash = "sha256:9e658d1373c424457ddf6d55ec1db93c280b8579276bebd1f72f113072df8a5d", size = 134648 },
    { url = "https://files.pythonhosted.org/packages/37/5c/7905acd0ca411c97bcae62ab167d9922f0c5a1d316b6d3af875d4bda3551/multidict-6.2.0-cp313-cp313-win32.whl", hash = "sha256:3157126b028c074951839233647bd0e30df77ef1fedd801b48bdcad242a60f4e", size = 26680 },
    { url = "https://files.pythonhosted.org/packages/89/36/96b071d1dad6ac44fe517e4250329e753787bb7a63967ef44bb9b3a659f6/multidict-6.2.0-cp313-cp313-win_amd64.whl", hash = "sha256:2e87f1926e91855ae61769ba3e3f7315120788c099677e0842e697b0bfb659f2", size = 28942 },
    { url = "https://files.pythonhosted.org/packages/f5/05/d686cd2a12d648ecd434675ee8daa2901a80f477817e89ab3b160de5b398/multidict-6.2.0-cp313-cp313t-macosx_10_13_universal2.whl", hash = "sha256:2529ddbdaa424b2c6c2eb668ea684dd6b75b839d0ad4b21aad60c168269478d7", size = 50807 },
    { url = "https://files.pythonhosted.org/packages/4c/1f/c7db5aac8fea129fa4c5a119e3d279da48d769138ae9624d1234aa01a06f/multidict-6.2.0-cp313-cp313t-macosx_10_13_x86_64.whl", hash = "sha256:13551d0e2d7201f0959725a6a769b6f7b9019a168ed96006479c9ac33fe4096b", size = 30474 },
    { url = "https://files.pythonhosted.org/packages/e5/f1/1fb27514f4d73cea165429dcb7d90cdc4a45445865832caa0c50dd545420/multidict-6.2.0-cp313-cp313t-macosx_11_0_arm64.whl", hash = "sha256:d1996ee1330e245cd3aeda0887b4409e3930524c27642b046e4fae88ffa66c5e", size = 30841 },
    { url = "https://files.pythonhosted.org/packages/d6/6b/9487169e549a23c8958edbb332afaf1ab55d61f0c03cb758ee07ff8f74fb/multidict-6.2.0-cp313-cp313t-manylinux_2_17_aarch64.manylinux2014_aarch64.whl", hash = "sha256:c537da54ce4ff7c15e78ab1292e5799d0d43a2108e006578a57f531866f64025", size = 148658 },
    { url = "https://files.pythonhosted.org/packages/d7/22/79ebb2e4f70857c94999ce195db76886ae287b1b6102da73df24dcad4903/multidict-6.2.0-cp313-cp313t-manylinux_2_17_ppc64le.manylinux2014_ppc64le.whl", hash = "sha256:0f249badb360b0b4d694307ad40f811f83df4da8cef7b68e429e4eea939e49dd", size = 151988 },
    { url = "https://files.pythonhosted.org/packages/49/5d/63b17f3c1a2861587d26705923a94eb6b2600e5222d6b0d513bce5a78720/multidict-6.2.0-cp313-cp313t-manylinux_2_17_s390x.manylinux2014_s390x.whl", hash = "sha256:48d39b1824b8d6ea7de878ef6226efbe0773f9c64333e1125e0efcfdd18a24c7", size = 148432 },
    { url = "https://files.pythonhosted.org/packages/a3/22/55204eec45c4280fa431c11494ad64d6da0dc89af76282fc6467432360a0/multidict-6.2.0-cp313-cp313t-manylinux_2_17_x86_64.manylinux2014_x86_64.whl", hash = "sha256:b99aac6bb2c37db336fa03a39b40ed4ef2818bf2dfb9441458165ebe88b793af", size = 143161 },
    { url = "https://files.pythonhosted.org/packages/97/e6/202b2cf5af161228767acab8bc49e73a91f4a7de088c9c71f3c02950a030/multidict-6.2.0-cp313-cp313t-manylinux_2_5_i686.manylinux1_i686.manylinux_2_17_i686.manylinux2014_i686.whl", hash = "sha256:07bfa8bc649783e703263f783f73e27fef8cd37baaad4389816cf6a133141331", size = 136820 },
    { url = "https://files.pythonhosted.org/packages/7d/16/dbedae0e94c7edc48fddef0c39483f2313205d9bc566fd7f11777b168616/multidict-6.2.0-cp313-cp313t-musllinux_1_2_aarch64.whl", hash = "sha256:b2c00ad31fbc2cbac85d7d0fcf90853b2ca2e69d825a2d3f3edb842ef1544a2c", size = 150875 },
    { url = "https://files.pythonhosted.org/packages/f3/04/38ccf25d4bf8beef76a22bad7d9833fd088b4594c9765fe6fede39aa6c89/multidict-6.2.0-cp313-cp313t-musllinux_1_2_i686.whl", hash = "sha256:0d57a01a2a9fa00234aace434d8c131f0ac6e0ac6ef131eda5962d7e79edfb5b", size = 142050 },
    { url = "https://files.pythonhosted.org/packages/9e/89/4f6b43386e7b79a4aad560d751981a0a282a1943c312ac72f940d7cf8f9f/multidict-6.2.0-cp313-cp313t-musllinux_1_2_ppc64le.whl", hash = "sha256:abf5b17bc0cf626a8a497d89ac691308dbd825d2ac372aa990b1ca114e470151", size = 154117 },
    { url = "https://files.pythonhosted.org/packages/24/e3/3dde5b193f86d30ad6400bd50e116b0df1da3f0c7d419661e3bd79e5ad86/multidict-6.2.0-cp313-cp313t-musllinux_1_2_s390x.whl", hash = "sha256:f7716f7e7138252d88607228ce40be22660d6608d20fd365d596e7ca0738e019", size = 149408 },
    { url = "https://files.pythonhosted.org/packages/df/b2/ec1e27e8e3da12fcc9053e1eae2f6b50faa8708064d83ea25aa7fb77ffd2/multidict-6.2.0-cp313-cp313t-musllinux_1_2_x86_64.whl", hash = "sha256:d5a36953389f35f0a4e88dc796048829a2f467c9197265504593f0e420571547", size = 145767 },
    { url = "https://files.pythonhosted.org/packages/3a/8e/c07a648a9d592fa9f3a19d1c7e1c7738ba95aff90db967a5a09cff1e1f37/multidict-6.2.0-cp313-cp313t-win32.whl", hash = "sha256:e653d36b1bf48fa78c7fcebb5fa679342e025121ace8c87ab05c1cefd33b34fc", size = 28950 },
    { url = "https://files.pythonhosted.org/packages/dc/a9/bebb5485b94d7c09831638a4df9a1a924c32431a750723f0bf39cd16a787/multidict-6.2.0-cp313-cp313t-win_amd64.whl", hash = "sha256:ca23db5fb195b5ef4fd1f77ce26cadefdf13dba71dab14dadd29b34d457d7c44", size = 32001 },
    { url = "https://files.pythonhosted.org/packages/9c/fd/b247aec6add5601956d440488b7f23151d8343747e82c038af37b28d6098/multidict-6.2.0-py3-none-any.whl", hash = "sha256:5d26547423e5e71dcc562c4acdc134b900640a39abd9066d7326a7cc2324c530", size = 10266 },
]

[[package]]
name = "propcache"
version = "0.3.1"
source = { registry = "https://pypi.org/simple" }
sdist = { url = "https://files.pythonhosted.org/packages/07/c8/fdc6686a986feae3541ea23dcaa661bd93972d3940460646c6bb96e21c40/propcache-0.3.1.tar.gz", hash = "sha256:40d980c33765359098837527e18eddefc9a24cea5b45e078a7f3bb5b032c6ecf", size = 43651 }
wheels = [
    { url = "https://files.pythonhosted.org/packages/58/60/f645cc8b570f99be3cf46714170c2de4b4c9d6b827b912811eff1eb8a412/propcache-0.3.1-cp313-cp313-macosx_10_13_universal2.whl", hash = "sha256:f1528ec4374617a7a753f90f20e2f551121bb558fcb35926f99e3c42367164b8", size = 77865 },
    { url = "https://files.pythonhosted.org/packages/6f/d4/c1adbf3901537582e65cf90fd9c26fde1298fde5a2c593f987112c0d0798/propcache-0.3.1-cp313-cp313-macosx_10_13_x86_64.whl", hash = "sha256:dc1915ec523b3b494933b5424980831b636fe483d7d543f7afb7b3bf00f0c10f", size = 45452 },
    { url = "https://files.pythonhosted.org/packages/d1/b5/fe752b2e63f49f727c6c1c224175d21b7d1727ce1d4873ef1c24c9216830/propcache-0.3.1-cp313-cp313-macosx_11_0_arm64.whl", hash = "sha256:a110205022d077da24e60b3df8bcee73971be9575dec5573dd17ae5d81751111", size = 44800 },
    { url = "https://files.pythonhosted.org/packages/62/37/fc357e345bc1971e21f76597028b059c3d795c5ca7690d7a8d9a03c9708a/propcache-0.3.1-cp313-cp313-manylinux_2_17_aarch64.manylinux2014_aarch64.whl", hash = "sha256:d249609e547c04d190e820d0d4c8ca03ed4582bcf8e4e160a6969ddfb57b62e5", size = 225804 },
    { url = "https://files.pythonhosted.org/packages/0d/f1/16e12c33e3dbe7f8b737809bad05719cff1dccb8df4dafbcff5575002c0e/propcache-0.3.1-cp313-cp313-manylinux_2_17_ppc64le.manylinux2014_ppc64le.whl", hash = "sha256:5ced33d827625d0a589e831126ccb4f5c29dfdf6766cac441d23995a65825dcb", size = 230650 },
    { url = "https://files.pythonhosted.org/packages/3e/a2/018b9f2ed876bf5091e60153f727e8f9073d97573f790ff7cdf6bc1d1fb8/propcache-0.3.1-cp313-cp313-manylinux_2_17_s390x.manylinux2014_s390x.whl", hash = "sha256:4114c4ada8f3181af20808bedb250da6bae56660e4b8dfd9cd95d4549c0962f7", size = 234235 },
    { url = "https://files.pythonhosted.org/packages/45/5f/3faee66fc930dfb5da509e34c6ac7128870631c0e3582987fad161fcb4b1/propcache-0.3.1-cp313-cp313-manylinux_2_17_x86_64.manylinux2014_x86_64.whl", hash = "sha256:975af16f406ce48f1333ec5e912fe11064605d5c5b3f6746969077cc3adeb120", size = 228249 },
    { url = "https://files.pythonhosted.org/packages/62/1e/a0d5ebda5da7ff34d2f5259a3e171a94be83c41eb1e7cd21a2105a84a02e/propcache-0.3.1-cp313-cp313-manylinux_2_5_i686.manylinux1_i686.manylinux_2_17_i686.manylinux2014_i686.whl", hash = "sha256:a34aa3a1abc50740be6ac0ab9d594e274f59960d3ad253cd318af76b996dd654", size = 214964 },
    { url = "https://files.pythonhosted.org/packages/db/a0/d72da3f61ceab126e9be1f3bc7844b4e98c6e61c985097474668e7e52152/propcache-0.3.1-cp313-cp313-musllinux_1_2_aarch64.whl", hash = "sha256:9cec3239c85ed15bfaded997773fdad9fb5662b0a7cbc854a43f291eb183179e", size = 222501 },
    { url = "https://files.pythonhosted.org/packages/18/6d/a008e07ad7b905011253adbbd97e5b5375c33f0b961355ca0a30377504ac/propcache-0.3.1-cp313-cp313-musllinux_1_2_armv7l.whl", hash = "sha256:05543250deac8e61084234d5fc54f8ebd254e8f2b39a16b1dce48904f45b744b", size = 217917 },
    { url = "https://files.pythonhosted.org/packages/98/37/02c9343ffe59e590e0e56dc5c97d0da2b8b19fa747ebacf158310f97a79a/propcache-0.3.1-cp313-cp313-musllinux_1_2_i686.whl", hash = "sha256:5cb5918253912e088edbf023788de539219718d3b10aef334476b62d2b53de53", size = 217089 },
    { url = "https://files.pythonhosted.org/packages/53/1b/d3406629a2c8a5666d4674c50f757a77be119b113eedd47b0375afdf1b42/propcache-0.3.1-cp313-cp313-musllinux_1_2_ppc64le.whl", hash = "sha256:f3bbecd2f34d0e6d3c543fdb3b15d6b60dd69970c2b4c822379e5ec8f6f621d5", size = 228102 },
    { url = "https://files.pythonhosted.org/packages/cd/a7/3664756cf50ce739e5f3abd48febc0be1a713b1f389a502ca819791a6b69/propcache-0.3.1-cp313-cp313-musllinux_1_2_s390x.whl", hash = "sha256:aca63103895c7d960a5b9b044a83f544b233c95e0dcff114389d64d762017af7", size = 230122 },
    { url = "https://files.pythonhosted.org/packages/35/36/0bbabaacdcc26dac4f8139625e930f4311864251276033a52fd52ff2a274/propcache-0.3.1-cp313-cp313-musllinux_1_2_x86_64.whl", hash = "sha256:5a0a9898fdb99bf11786265468571e628ba60af80dc3f6eb89a3545540c6b0ef", size = 226818 },
    { url = "https://files.pythonhosted.org/packages/cc/27/4e0ef21084b53bd35d4dae1634b6d0bad35e9c58ed4f032511acca9d4d26/propcache-0.3.1-cp313-cp313-win32.whl", hash = "sha256:3a02a28095b5e63128bcae98eb59025924f121f048a62393db682f049bf4ac24", size = 40112 },
    { url = "https://files.pythonhosted.org/packages/a6/2c/a54614d61895ba6dd7ac8f107e2b2a0347259ab29cbf2ecc7b94fa38c4dc/propcache-0.3.1-cp313-cp313-win_amd64.whl", hash = "sha256:813fbb8b6aea2fc9659815e585e548fe706d6f663fa73dff59a1677d4595a037", size = 44034 },
    { url = "https://files.pythonhosted.org/packages/5a/a8/0a4fd2f664fc6acc66438370905124ce62e84e2e860f2557015ee4a61c7e/propcache-0.3.1-cp313-cp313t-macosx_10_13_universal2.whl", hash = "sha256:a444192f20f5ce8a5e52761a031b90f5ea6288b1eef42ad4c7e64fef33540b8f", size = 82613 },
    { url = "https://files.pythonhosted.org/packages/4d/e5/5ef30eb2cd81576256d7b6caaa0ce33cd1d2c2c92c8903cccb1af1a4ff2f/propcache-0.3.1-cp313-cp313t-macosx_10_13_x86_64.whl", hash = "sha256:0fbe94666e62ebe36cd652f5fc012abfbc2342de99b523f8267a678e4dfdee3c", size = 47763 },
    { url = "https://files.pythonhosted.org/packages/87/9a/87091ceb048efeba4d28e903c0b15bcc84b7c0bf27dc0261e62335d9b7b8/propcache-0.3.1-cp313-cp313t-macosx_11_0_arm64.whl", hash = "sha256:f011f104db880f4e2166bcdcf7f58250f7a465bc6b068dc84c824a3d4a5c94dc", size = 47175 },
    { url = "https://files.pythonhosted.org/packages/3e/2f/854e653c96ad1161f96194c6678a41bbb38c7947d17768e8811a77635a08/propcache-0.3.1-cp313-cp313t-manylinux_2_17_aarch64.manylinux2014_aarch64.whl", hash = "sha256:3e584b6d388aeb0001d6d5c2bd86b26304adde6d9bb9bfa9c4889805021b96de", size = 292265 },
    { url = "https://files.pythonhosted.org/packages/40/8d/090955e13ed06bc3496ba4a9fb26c62e209ac41973cb0d6222de20c6868f/propcache-0.3.1-cp313-cp313t-manylinux_2_17_ppc64le.manylinux2014_ppc64le.whl", hash = "sha256:8a17583515a04358b034e241f952f1715243482fc2c2945fd99a1b03a0bd77d6", size = 294412 },
    { url = "https://files.pythonhosted.org/packages/39/e6/d51601342e53cc7582449e6a3c14a0479fab2f0750c1f4d22302e34219c6/propcache-0.3.1-cp313-cp313t-manylinux_2_17_s390x.manylinux2014_s390x.whl", hash = "sha256:5aed8d8308215089c0734a2af4f2e95eeb360660184ad3912686c181e500b2e7", size = 294290 },
    { url = "https://files.pythonhosted.org/packages/3b/4d/be5f1a90abc1881884aa5878989a1acdafd379a91d9c7e5e12cef37ec0d7/propcache-0.3.1-cp313-cp313t-manylinux_2_17_x86_64.manylinux2014_x86_64.whl", hash = "sha256:6d8e309ff9a0503ef70dc9a0ebd3e69cf7b3894c9ae2ae81fc10943c37762458", size = 282926 },
    { url = "https://files.pythonhosted.org/packages/57/2b/8f61b998c7ea93a2b7eca79e53f3e903db1787fca9373af9e2cf8dc22f9d/propcache-0.3.1-cp313-cp313t-manylinux_2_5_i686.manylinux1_i686.manylinux_2_17_i686.manylinux2014_i686.whl", hash = "sha256:b655032b202028a582d27aeedc2e813299f82cb232f969f87a4fde491a233f11", size = 267808 },
    { url = "https://files.pythonhosted.org/packages/11/1c/311326c3dfce59c58a6098388ba984b0e5fb0381ef2279ec458ef99bd547/propcache-0.3.1-cp313-cp313t-musllinux_1_2_aarch64.whl", hash = "sha256:9f64d91b751df77931336b5ff7bafbe8845c5770b06630e27acd5dbb71e1931c", size = 290916 },
    { url = "https://files.pythonhosted.org/packages/4b/74/91939924b0385e54dc48eb2e4edd1e4903ffd053cf1916ebc5347ac227f7/propcache-0.3.1-cp313-cp313t-musllinux_1_2_armv7l.whl", hash = "sha256:19a06db789a4bd896ee91ebc50d059e23b3639c25d58eb35be3ca1cbe967c3bf", size = 262661 },
    { url = "https://files.pythonhosted.org/packages/c2/d7/e6079af45136ad325c5337f5dd9ef97ab5dc349e0ff362fe5c5db95e2454/propcache-0.3.1-cp313-cp313t-musllinux_1_2_i686.whl", hash = "sha256:bef100c88d8692864651b5f98e871fb090bd65c8a41a1cb0ff2322db39c96c27", size = 264384 },
    { url = "https://files.pythonhosted.org/packages/b7/d5/ba91702207ac61ae6f1c2da81c5d0d6bf6ce89e08a2b4d44e411c0bbe867/propcache-0.3.1-cp313-cp313t-musllinux_1_2_ppc64le.whl", hash = "sha256:87380fb1f3089d2a0b8b00f006ed12bd41bd858fabfa7330c954c70f50ed8757", size = 291420 },
    { url = "https://files.pythonhosted.org/packages/58/70/2117780ed7edcd7ba6b8134cb7802aada90b894a9810ec56b7bb6018bee7/propcache-0.3.1-cp313-cp313t-musllinux_1_2_s390x.whl", hash = "sha256:e474fc718e73ba5ec5180358aa07f6aded0ff5f2abe700e3115c37d75c947e18", size = 290880 },
    { url = "https://files.pythonhosted.org/packages/4a/1f/ecd9ce27710021ae623631c0146719280a929d895a095f6d85efb6a0be2e/propcache-0.3.1-cp313-cp313t-musllinux_1_2_x86_64.whl", hash = "sha256:17d1c688a443355234f3c031349da69444be052613483f3e4158eef751abcd8a", size = 287407 },
    { url = "https://files.pythonhosted.org/packages/3e/66/2e90547d6b60180fb29e23dc87bd8c116517d4255240ec6d3f7dc23d1926/propcache-0.3.1-cp313-cp313t-win32.whl", hash = "sha256:359e81a949a7619802eb601d66d37072b79b79c2505e6d3fd8b945538411400d", size = 42573 },
    { url = "https://files.pythonhosted.org/packages/cb/8f/50ad8599399d1861b4d2b6b45271f0ef6af1b09b0a2386a46dbaf19c9535/propcache-0.3.1-cp313-cp313t-win_amd64.whl", hash = "sha256:e7fb9a84c9abbf2b2683fa3e7b0d7da4d8ecf139a1c635732a8bda29c5214b0e", size = 46757 },
    { url = "https://files.pythonhosted.org/packages/b8/d3/c3cb8f1d6ae3b37f83e1de806713a9b3642c5895f0215a62e1a4bd6e5e34/propcache-0.3.1-py3-none-any.whl", hash = "sha256:9a8ecf38de50a7f518c21568c80f985e776397b902f1ce0b01f799aba1608b40", size = 12376 },
]

[[package]]
name = "pycares"
version = "4.5.0"
source = { registry = "https://pypi.org/simple" }
dependencies = [
    { name = "cffi" },
]
sdist = { url = "https://files.pythonhosted.org/packages/d7/b1/94daaa50b6d2fa14c6b4981ca24fa4e7aa33a7519962c76170072ffb06ee/pycares-4.5.0.tar.gz", hash = "sha256:025b6c2ffea4e9fb8f9a097381c2fecb24aff23fbd6906e70da22ec9ba60e19d", size = 821554 }
wheels = [
    { url = "https://files.pythonhosted.org/packages/32/8b/b48b6a7c4234d682fb9f0d6904a09333711642b760c79a6a7b2f53cbe76e/pycares-4.5.0-cp313-cp313-macosx_10_13_x86_64.whl", hash = "sha256:011cd670da7caf55664c944abb71ec39af82b837f8d48da7cf0eec80f5682c4c", size = 74919 },
    { url = "https://files.pythonhosted.org/packages/fb/57/3bec0d830efe9521a4706581fa9cc74825d7996104d773c8c971925a3989/pycares-4.5.0-cp313-cp313-macosx_11_0_arm64.whl", hash = "sha256:b5c67930497fb2b1dbcaa85f8c4188fc2cb62e41d787deeed2d33cfe9dd6bf52", size = 71334 },
    { url = "https://files.pythonhosted.org/packages/b7/94/1e6e41f0f72f32e8e32922b085e5df6a9d0a6dd3f5d41cfe213d8849b15e/pycares-4.5.0-cp313-cp313-manylinux_2_17_aarch64.manylinux2014_aarch64.whl", hash = "sha256:2d435a3b8468c656a7e7180dd7c4794510f6c612c33ad61a0fff6e440621f8b5", size = 290310 },
    { url = "https://files.pythonhosted.org/packages/1a/24/524ea7bd19edb9392f32a4fcd2eaf11c98fdaeffd28588b4d2bec4ed9b08/pycares-4.5.0-cp313-cp313-manylinux_2_17_ppc64le.manylinux2014_ppc64le.whl", hash = "sha256:8371f5ee1efb33d6276e275d152c9c5605e5f2e58a9e168519ec1f9e13dd95ae", size = 304230 },
    { url = "https://files.pythonhosted.org/packages/ec/07/a019facc86438181af5cfb045b8d8fe8eeed41117c0abdb6c81acc430e17/pycares-4.5.0-cp313-cp313-manylinux_2_17_s390x.manylinux2014_s390x.whl", hash = "sha256:c76a9096fd5dc49c61c5235ea7032e8b43f4382800d64ca1e0e0cda700c082aa", size = 294256 },
    { url = "https://files.pythonhosted.org/packages/a3/90/50f08b6970a40861e5466ec965f9cf505812d7db51d7d4f15b84102dc2c6/pycares-4.5.0-cp313-cp313-manylinux_2_17_x86_64.manylinux2014_x86_64.whl", hash = "sha256:b604af76b57469ff68b44e9e4c857eaee43bc5035f4f183f07f4f7149191fe1b", size = 289866 },
    { url = "https://files.pythonhosted.org/packages/b9/44/76696e6dba0f166990d033c7889c47dc14db830ed424552020c830d5d409/pycares-4.5.0-cp313-cp313-manylinux_2_5_i686.manylinux1_i686.manylinux_2_17_i686.manylinux2014_i686.whl", hash = "sha256:c589bd4f9160bfdb2f8080cf564bb120a4312cf091db07fe417f8e58a896a63c", size = 270588 },
    { url = "https://files.pythonhosted.org/packages/00/a1/788ffea09b7a57cd9e66610ba5b189d2a0d85853e95b79de547351bd6665/pycares-4.5.0-cp313-cp313-musllinux_1_2_aarch64.whl", hash = "sha256:361262805bb09742c364ec0117842043c950339e38561009bcabbb6ac89458ef", size = 278568 },
    { url = "https://files.pythonhosted.org/packages/39/ba/dfc4d79a7aefc034d79c9ccf32f47ce9e4a2a5d42f26f2cae7627aafefd1/pycares-4.5.0-cp313-cp313-musllinux_1_2_i686.whl", hash = "sha256:6d2afb3c0776467055bf33db843ef483d25639be0f32e3a13ef5d4dc64098bf5", size = 263702 },
    { url = "https://files.pythonhosted.org/packages/20/78/6819d2c283ce7b53ef639fff44f15ea46dd5dd57307f25d46fb41d83966c/pycares-4.5.0-cp313-cp313-musllinux_1_2_ppc64le.whl", hash = "sha256:bc7a1d8ed7c7a4de17706a3c89b305b02eb64c778897e6727c043e5b9dd0d853", size = 297722 },
    { url = "https://files.pythonhosted.org/packages/bd/0d/6776b00eb6ea3d2742ac4f4e1d4bf170168d0923effffa1963e3b4619019/pycares-4.5.0-cp313-cp313-musllinux_1_2_s390x.whl", hash = "sha256:5703ec878b5c1efacdbf24ceaedfa606112fc67af5564f4db99c2c210f3ffadc", size = 291628 },
    { url = "https://files.pythonhosted.org/packages/13/29/c329ec7ef6cd88335676d71ed8a059d0fd2f5adcff3ab3537e03327955fa/pycares-4.5.0-cp313-cp313-musllinux_1_2_x86_64.whl", hash = "sha256:d87758e09dbf52c27ed7cf7bc7eaf8b3226217d10c52b03d61a14d59f40fcae1", size = 281161 },
    { url = "https://files.pythonhosted.org/packages/02/c4/aadb6b4a60b040bd6c4de31d971d4a07f54af274594a368de06170ede457/pycares-4.5.0-cp313-cp313-win32.whl", hash = "sha256:3316d490b4ce1a69f034881ac1ea7608f5f24ea5293db24ab574ac70b7d7e407", size = 61624 },
    { url = "https://files.pythonhosted.org/packages/32/38/33889749dde2c3ecab5039d72459769d8714665ba3038e718f514c556517/pycares-4.5.0-cp313-cp313-win_amd64.whl", hash = "sha256:018e700fb0d1a2db5ec96e404ffa85ed97cc96e96d6af0bb9548111e37cf36a3", size = 76546 },
]

[[package]]
name = "pycparser"
version = "2.22"
source = { registry = "https://pypi.org/simple" }
sdist = { url = "https://files.pythonhosted.org/packages/1d/b2/31537cf4b1ca988837256c910a668b553fceb8f069bedc4b1c826024b52c/pycparser-2.22.tar.gz", hash = "sha256:491c8be9c040f5390f5bf44a5b07752bd07f56edf992381b05c701439eec10f6", size = 172736 }
wheels = [
    { url = "https://files.pythonhosted.org/packages/13/a3/a812df4e2dd5696d1f351d58b8fe16a405b234ad2886a0dab9183fb78109/pycparser-2.22-py3-none-any.whl", hash = "sha256:c3702b6d3dd8c7abc1afa565d7e63d53a1d0bd86cdc24edd75470f4de499cfcc", size = 117552 },
]

[[package]]
name = "python-dateutil"
version = "2.9.0.post0"
source = { registry = "https://pypi.org/simple" }
dependencies = [
    { name = "six" },
]
sdist = { url = "https://files.pythonhosted.org/packages/66/c0/0c8b6ad9f17a802ee498c46e004a0eb49bc148f2fd230864601a86dcf6db/python-dateutil-2.9.0.post0.tar.gz", hash = "sha256:37dd54208da7e1cd875388217d5e00ebd4179249f90fb72437e91a35459a0ad3", size = 342432 }
wheels = [
    { url = "https://files.pythonhosted.org/packages/ec/57/56b9bcc3c9c6a792fcbaf139543cee77261f3651ca9da0c93f5c1221264b/python_dateutil-2.9.0.post0-py2.py3-none-any.whl", hash = "sha256:a8b2bc7bffae282281c8140a97d3aa9c14da0b136dfe83f850eea9a5f7470427", size = 229892 },
]

[[package]]
name = "python-whois"
version = "0.9.5"
source = { registry = "https://pypi.org/simple" }
dependencies = [
    { name = "python-dateutil" },
]
sdist = { url = "https://files.pythonhosted.org/packages/f5/5b/5c0c705d14945954b23b69042c1597971da3cd6dc3ed23b96449be91d665/python_whois-0.9.5.tar.gz", hash = "sha256:18968c21484752fcc4b9a5f0af477ef6b8dc2e8bb7f1bd5c33831499c0dd41ca", size = 111201 }
wheels = [
    { url = "https://files.pythonhosted.org/packages/be/7b/6a5ee6895b1bffb630da9c1a472ced41f537f2700f76e69bd62e01776e1b/python_whois-0.9.5-py3-none-any.whl", hash = "sha256:d435cf8012659745ce3b4e7c15428df9405648696727812d9eaacc36782d14e3", size = 104155 },
]

[[package]]
name = "repometascore"
version = "0.3.1"
source = { editable = "." }
dependencies = [
    { name = "aiodns" },
    { name = "aiohttp" },
    { name = "python-whois" },
]

[package.metadata]
requires-dist = [
    { name = "aiodns", specifier = "~=3.2.0" },
    { name = "aiohttp", specifier = "~=3.11.14" },
    { name = "python-whois", specifier = "~=0.9.5" },
]

[[package]]
name = "six"
version = "1.17.0"
source = { registry = "https://pypi.org/simple" }
sdist = { url = "https://files.pythonhosted.org/packages/94/e7/b2c673351809dca68a0e064b6af791aa332cf192da575fd474ed7d6f16a2/six-1.17.0.tar.gz", hash = "sha256:ff70335d468e7eb6ec65b95b99d3a2836546063f63acc5171de367e834932a81", size = 34031 }
wheels = [
    { url = "https://files.pythonhosted.org/packages/b7/ce/149a00dd41f10bc29e5921b496af8b574d8413afcd5e30dfa0ed46c2cc5e/six-1.17.0-py2.py3-none-any.whl", hash = "sha256:4721f391ed90541fddacab5acf947aa0d3dc7d27b2e1e8eda2be8970586c3274", size = 11050 },
]

[[package]]
name = "yarl"
version = "1.18.3"
source = { registry = "https://pypi.org/simple" }
dependencies = [
    { name = "idna" },
    { name = "multidict" },
    { name = "propcache" },
]
sdist = { url = "https://files.pythonhosted.org/packages/b7/9d/4b94a8e6d2b51b599516a5cb88e5bc99b4d8d4583e468057eaa29d5f0918/yarl-1.18.3.tar.gz", hash = "sha256:ac1801c45cbf77b6c99242eeff4fffb5e4e73a800b5c4ad4fc0be5def634d2e1", size = 181062 }
wheels = [
    { url = "https://files.pythonhosted.org/packages/30/c7/c790513d5328a8390be8f47be5d52e141f78b66c6c48f48d241ca6bd5265/yarl-1.18.3-cp313-cp313-macosx_10_13_universal2.whl", hash = "sha256:90adb47ad432332d4f0bc28f83a5963f426ce9a1a8809f5e584e704b82685dcb", size = 140789 },
    { url = "https://files.pythonhosted.org/packages/30/aa/a2f84e93554a578463e2edaaf2300faa61c8701f0898725842c704ba5444/yarl-1.18.3-cp313-cp313-macosx_10_13_x86_64.whl", hash = "sha256:913829534200eb0f789d45349e55203a091f45c37a2674678744ae52fae23efa", size = 94144 },
    { url = "https://files.pythonhosted.org/packages/c6/fc/d68d8f83714b221a85ce7866832cba36d7c04a68fa6a960b908c2c84f325/yarl-1.18.3-cp313-cp313-macosx_11_0_arm64.whl", hash = "sha256:ef9f7768395923c3039055c14334ba4d926f3baf7b776c923c93d80195624782", size = 91974 },
    { url = "https://files.pythonhosted.org/packages/56/4e/d2563d8323a7e9a414b5b25341b3942af5902a2263d36d20fb17c40411e2/yarl-1.18.3-cp313-cp313-manylinux_2_17_aarch64.manylinux2014_aarch64.whl", hash = "sha256:88a19f62ff30117e706ebc9090b8ecc79aeb77d0b1f5ec10d2d27a12bc9f66d0", size = 333587 },
    { url = "https://files.pythonhosted.org/packages/25/c9/cfec0bc0cac8d054be223e9f2c7909d3e8442a856af9dbce7e3442a8ec8d/yarl-1.18.3-cp313-cp313-manylinux_2_17_ppc64le.manylinux2014_ppc64le.whl", hash = "sha256:e17c9361d46a4d5addf777c6dd5eab0715a7684c2f11b88c67ac37edfba6c482", size = 344386 },
    { url = "https://files.pythonhosted.org/packages/ab/5d/4c532190113b25f1364d25f4c319322e86232d69175b91f27e3ebc2caf9a/yarl-1.18.3-cp313-cp313-manylinux_2_17_s390x.manylinux2014_s390x.whl", hash = "sha256:1a74a13a4c857a84a845505fd2d68e54826a2cd01935a96efb1e9d86c728e186", size = 345421 },
    { url = "https://files.pythonhosted.org/packages/23/d1/6cdd1632da013aa6ba18cee4d750d953104a5e7aac44e249d9410a972bf5/yarl-1.18.3-cp313-cp313-manylinux_2_17_x86_64.manylinux2014_x86_64.whl", hash = "sha256:41f7ce59d6ee7741af71d82020346af364949314ed3d87553763a2df1829cc58", size = 339384 },
    { url = "https://files.pythonhosted.org/packages/9a/c4/6b3c39bec352e441bd30f432cda6ba51681ab19bb8abe023f0d19777aad1/yarl-1.18.3-cp313-cp313-manylinux_2_5_i686.manylinux1_i686.manylinux_2_17_i686.manylinux2014_i686.whl", hash = "sha256:f52a265001d830bc425f82ca9eabda94a64a4d753b07d623a9f2863fde532b53", size = 326689 },
    { url = "https://files.pythonhosted.org/packages/23/30/07fb088f2eefdc0aa4fc1af4e3ca4eb1a3aadd1ce7d866d74c0f124e6a85/yarl-1.18.3-cp313-cp313-musllinux_1_2_aarch64.whl", hash = "sha256:82123d0c954dc58db301f5021a01854a85bf1f3bb7d12ae0c01afc414a882ca2", size = 345453 },
    { url = "https://files.pythonhosted.org/packages/63/09/d54befb48f9cd8eec43797f624ec37783a0266855f4930a91e3d5c7717f8/yarl-1.18.3-cp313-cp313-musllinux_1_2_armv7l.whl", hash = "sha256:2ec9bbba33b2d00999af4631a3397d1fd78290c48e2a3e52d8dd72db3a067ac8", size = 341872 },
    { url = "https://files.pythonhosted.org/packages/91/26/fd0ef9bf29dd906a84b59f0cd1281e65b0c3e08c6aa94b57f7d11f593518/yarl-1.18.3-cp313-cp313-musllinux_1_2_i686.whl", hash = "sha256:fbd6748e8ab9b41171bb95c6142faf068f5ef1511935a0aa07025438dd9a9bc1", size = 347497 },
    { url = "https://files.pythonhosted.org/packages/d9/b5/14ac7a256d0511b2ac168d50d4b7d744aea1c1aa20c79f620d1059aab8b2/yarl-1.18.3-cp313-cp313-musllinux_1_2_ppc64le.whl", hash = "sha256:877d209b6aebeb5b16c42cbb377f5f94d9e556626b1bfff66d7b0d115be88d0a", size = 359981 },
    { url = "https://files.pythonhosted.org/packages/ca/b3/d493221ad5cbd18bc07e642894030437e405e1413c4236dd5db6e46bcec9/yarl-1.18.3-cp313-cp313-musllinux_1_2_s390x.whl", hash = "sha256:b464c4ab4bfcb41e3bfd3f1c26600d038376c2de3297760dfe064d2cb7ea8e10", size = 366229 },
    { url = "https://files.pythonhosted.org/packages/04/56/6a3e2a5d9152c56c346df9b8fb8edd2c8888b1e03f96324d457e5cf06d34/yarl-1.18.3-cp313-cp313-musllinux_1_2_x86_64.whl", hash = "sha256:8d39d351e7faf01483cc7ff7c0213c412e38e5a340238826be7e0e4da450fdc8", size = 360383 },
    { url = "https://files.pythonhosted.org/packages/fd/b7/4b3c7c7913a278d445cc6284e59b2e62fa25e72758f888b7a7a39eb8423f/yarl-1.18.3-cp313-cp313-win32.whl", hash = "sha256:61ee62ead9b68b9123ec24bc866cbef297dd266175d53296e2db5e7f797f902d", size = 310152 },
    { url = "https://files.pythonhosted.org/packages/f5/d5/688db678e987c3e0fb17867970700b92603cadf36c56e5fb08f23e822a0c/yarl-1.18.3-cp313-cp313-win_amd64.whl", hash = "sha256:578e281c393af575879990861823ef19d66e2b1d0098414855dd367e234f5b3c", size = 315723 },
    { url = "https://files.pythonhosted.org/packages/f5/4b/a06e0ec3d155924f77835ed2d167ebd3b211a7b0853da1cf8d8414d784ef/yarl-1.18.3-py3-none-any.whl", hash = "sha256:b57f4f58099328dfb26c6a771d09fb20dbbae81d20cfb66141251ea063bd101b", size = 45109 },
]
